// !$*UTF8*$!
{
	archiveVersion = 1;
	classes = {
	};
	objectVersion = 50;
	objects = {

/* Begin PBXBuildFile section */
		2F3C8BEC23DB60D500B0CF35 /* MatchTableViewCell.swift in Sources */ = {isa = PBXBuildFile; fileRef = 2F3C8BEA23DB60D500B0CF35 /* MatchTableViewCell.swift */; };
		2F3C8BED23DB60D500B0CF35 /* MatchTableViewCell.xib in Resources */ = {isa = PBXBuildFile; fileRef = 2F3C8BEB23DB60D500B0CF35 /* MatchTableViewCell.xib */; };
		2F3C8BF223DB637600B0CF35 /* Match.swift in Sources */ = {isa = PBXBuildFile; fileRef = 2F3C8BF123DB637600B0CF35 /* Match.swift */; };
		2F3C8BF423DB638400B0CF35 /* MatchService.swift in Sources */ = {isa = PBXBuildFile; fileRef = 2F3C8BF323DB638400B0CF35 /* MatchService.swift */; };
		2F3C8BF823DB673B00B0CF35 /* MatchMockService.swift in Sources */ = {isa = PBXBuildFile; fileRef = 2F3C8BF723DB673B00B0CF35 /* MatchMockService.swift */; };
		2F4602E823E8C9F800FDAA29 /* TeamTableViewController.swift in Sources */ = {isa = PBXBuildFile; fileRef = 2F4602E623E8C9F800FDAA29 /* TeamTableViewController.swift */; };
		2F4602E923E8C9F800FDAA29 /* TeamTableViewController.xib in Resources */ = {isa = PBXBuildFile; fileRef = 2F4602E723E8C9F800FDAA29 /* TeamTableViewController.xib */; };
		2F4602EC23E8CB0600FDAA29 /* ScorerTableViewController.swift in Sources */ = {isa = PBXBuildFile; fileRef = 2F4602EA23E8CB0600FDAA29 /* ScorerTableViewController.swift */; };
		2F4602ED23E8CB0600FDAA29 /* ScorerTableViewController.xib in Resources */ = {isa = PBXBuildFile; fileRef = 2F4602EB23E8CB0600FDAA29 /* ScorerTableViewController.xib */; };
		2F4602F523E8CCBD00FDAA29 /* Player.swift in Sources */ = {isa = PBXBuildFile; fileRef = 2F4602F423E8CCBD00FDAA29 /* Player.swift */; };
		2F4602F723E8CD1D00FDAA29 /* TeamService.swift in Sources */ = {isa = PBXBuildFile; fileRef = 2F4602F623E8CD1D00FDAA29 /* TeamService.swift */; };
		2F4602F923E8CD2900FDAA29 /* PlayerService.swift in Sources */ = {isa = PBXBuildFile; fileRef = 2F4602F823E8CD2900FDAA29 /* PlayerService.swift */; };
		2F4602FB23E8CDB300FDAA29 /* TeamMockService.swift in Sources */ = {isa = PBXBuildFile; fileRef = 2F4602FA23E8CDB300FDAA29 /* TeamMockService.swift */; };
		2F4602FF23E8CDCB00FDAA29 /* PlayerMockService.swift in Sources */ = {isa = PBXBuildFile; fileRef = 2F4602FE23E8CDCB00FDAA29 /* PlayerMockService.swift */; };
		2F46030223E8D87100FDAA29 /* ScorerTableViewCell.swift in Sources */ = {isa = PBXBuildFile; fileRef = 2F46030023E8D87100FDAA29 /* ScorerTableViewCell.swift */; };
		2F46030323E8D87100FDAA29 /* ScorerTableViewCell.xib in Resources */ = {isa = PBXBuildFile; fileRef = 2F46030123E8D87100FDAA29 /* ScorerTableViewCell.xib */; };
		2FCAA42C23C8E1A30096D839 /* HomeViewController.swift in Sources */ = {isa = PBXBuildFile; fileRef = 2FCAA42A23C8E1A30096D839 /* HomeViewController.swift */; };
		2FCAA42D23C8E1A30096D839 /* HomeViewController.xib in Resources */ = {isa = PBXBuildFile; fileRef = 2FCAA42B23C8E1A30096D839 /* HomeViewController.xib */; };
		2FCAA43823C8E65A0096D839 /* PronosticsViewController.swift in Sources */ = {isa = PBXBuildFile; fileRef = 2FCAA43623C8E65A0096D839 /* PronosticsViewController.swift */; };
		2FCAA43923C8E65A0096D839 /* PronosticsViewController.xib in Resources */ = {isa = PBXBuildFile; fileRef = 2FCAA43723C8E65A0096D839 /* PronosticsViewController.xib */; };
		2FDC290423AA97DB00367401 /* AppDelegate.swift in Sources */ = {isa = PBXBuildFile; fileRef = 2FDC290323AA97DB00367401 /* AppDelegate.swift */; };
		2FDC290623AA97DB00367401 /* SceneDelegate.swift in Sources */ = {isa = PBXBuildFile; fileRef = 2FDC290523AA97DB00367401 /* SceneDelegate.swift */; };
		2FDC290D23AA97DE00367401 /* Assets.xcassets in Resources */ = {isa = PBXBuildFile; fileRef = 2FDC290C23AA97DE00367401 /* Assets.xcassets */; };
		2FDC291023AA97DE00367401 /* LaunchScreen.storyboard in Resources */ = {isa = PBXBuildFile; fileRef = 2FDC290E23AA97DE00367401 /* LaunchScreen.storyboard */; };
		2FDC291B23AA97DF00367401 /* BeFootTests.swift in Sources */ = {isa = PBXBuildFile; fileRef = 2FDC291A23AA97DF00367401 /* BeFootTests.swift */; };
		2FDC292623AA97DF00367401 /* BeFootUITests.swift in Sources */ = {isa = PBXBuildFile; fileRef = 2FDC292523AA97DF00367401 /* BeFootUITests.swift */; };
		3FC93FF008A19860796EB6DC /* Pods_BeFoot_BeFootUITests.framework in Frameworks */ = {isa = PBXBuildFile; fileRef = 44200C978C44601AC2B8AEF4 /* Pods_BeFoot_BeFootUITests.framework */; };
		5B18626D23ECBFE500ACB082 /* LeagueServiceApi.swift in Sources */ = {isa = PBXBuildFile; fileRef = 5B18626C23ECBFE500ACB082 /* LeagueServiceApi.swift */; };
		5B18627123EED59100ACB082 /* PlayerServiceApi.swift in Sources */ = {isa = PBXBuildFile; fileRef = 5B18627023EED59100ACB082 /* PlayerServiceApi.swift */; };
		5B18627423EF228800ACB082 /* MatchServiceApi.swift in Sources */ = {isa = PBXBuildFile; fileRef = 5B18627323EF228800ACB082 /* MatchServiceApi.swift */; };
		5B811E8A23E31CEF00B756A2 /* GoogleService-Info.plist in Resources */ = {isa = PBXBuildFile; fileRef = 5B811E8923E31CEF00B756A2 /* GoogleService-Info.plist */; };
		5BA7BDA423E4334D00A1F507 /* LeaguesViewController.swift in Sources */ = {isa = PBXBuildFile; fileRef = 5BA7BDA223E4334D00A1F507 /* LeaguesViewController.swift */; };
		5BA7BDA523E4334D00A1F507 /* LeaguesViewController.xib in Resources */ = {isa = PBXBuildFile; fileRef = 5BA7BDA323E4334D00A1F507 /* LeaguesViewController.xib */; };
		5BA7BDAC23E43E6800A1F507 /* TeamTableViewCell.swift in Sources */ = {isa = PBXBuildFile; fileRef = 5BA7BDAA23E43E6800A1F507 /* TeamTableViewCell.swift */; };
		5BA7BDAD23E43E6800A1F507 /* TeamTableViewCell.xib in Resources */ = {isa = PBXBuildFile; fileRef = 5BA7BDAB23E43E6800A1F507 /* TeamTableViewCell.xib */; };
		5BA7BDB823E4414500A1F507 /* League.swift in Sources */ = {isa = PBXBuildFile; fileRef = 5BA7BDB723E4414500A1F507 /* League.swift */; };
		5BA7BDBA23E4419B00A1F507 /* Team.swift in Sources */ = {isa = PBXBuildFile; fileRef = 5BA7BDB923E4419B00A1F507 /* Team.swift */; };
		5BA7BDBC23E4422700A1F507 /* LeagueMockService.swift in Sources */ = {isa = PBXBuildFile; fileRef = 5BA7BDBB23E4422700A1F507 /* LeagueMockService.swift */; };
		5BA7BDBE23E4424500A1F507 /* LeagueService.swift in Sources */ = {isa = PBXBuildFile; fileRef = 5BA7BDBD23E4424500A1F507 /* LeagueService.swift */; };
		5BD706B823F02C8400C98C32 /* CoteTableViewCell.swift in Sources */ = {isa = PBXBuildFile; fileRef = 5BD706B423F02C8300C98C32 /* CoteTableViewCell.swift */; };
		5BD706B923F02C8400C98C32 /* MatchDetailsViewController.swift in Sources */ = {isa = PBXBuildFile; fileRef = 5BD706B523F02C8300C98C32 /* MatchDetailsViewController.swift */; };
		5BD706BA23F02C8400C98C32 /* CoteTableViewCell.xib in Resources */ = {isa = PBXBuildFile; fileRef = 5BD706B623F02C8300C98C32 /* CoteTableViewCell.xib */; };
		5BD706BB23F02C8400C98C32 /* MatchDetailsViewController.xib in Resources */ = {isa = PBXBuildFile; fileRef = 5BD706B723F02C8300C98C32 /* MatchDetailsViewController.xib */; };
		60D35DE0848040BA8500F6B5 /* Pods_BeFoot.framework in Frameworks */ = {isa = PBXBuildFile; fileRef = 4CE1E42D7B95053E077655EE /* Pods_BeFoot.framework */; };
		C93E71FC2A597E2542587BAA /* Pods_BeFootTests.framework in Frameworks */ = {isa = PBXBuildFile; fileRef = 04AF8FBF93490EE749504519 /* Pods_BeFootTests.framework */; };
/* End PBXBuildFile section */

/* Begin PBXContainerItemProxy section */
		2FDC291723AA97DF00367401 /* PBXContainerItemProxy */ = {
			isa = PBXContainerItemProxy;
			containerPortal = 2FDC28F823AA97DB00367401 /* Project object */;
			proxyType = 1;
			remoteGlobalIDString = 2FDC28FF23AA97DB00367401;
			remoteInfo = BeFoot;
		};
		2FDC292223AA97DF00367401 /* PBXContainerItemProxy */ = {
			isa = PBXContainerItemProxy;
			containerPortal = 2FDC28F823AA97DB00367401 /* Project object */;
			proxyType = 1;
			remoteGlobalIDString = 2FDC28FF23AA97DB00367401;
			remoteInfo = BeFoot;
		};
/* End PBXContainerItemProxy section */

/* Begin PBXFileReference section */
		04AF8FBF93490EE749504519 /* Pods_BeFootTests.framework */ = {isa = PBXFileReference; explicitFileType = wrapper.framework; includeInIndex = 0; path = Pods_BeFootTests.framework; sourceTree = BUILT_PRODUCTS_DIR; };
		08609D6B6B48C7EA3FF0EE27 /* Pods-BeFootTests.release.xcconfig */ = {isa = PBXFileReference; includeInIndex = 1; lastKnownFileType = text.xcconfig; name = "Pods-BeFootTests.release.xcconfig"; path = "Target Support Files/Pods-BeFootTests/Pods-BeFootTests.release.xcconfig"; sourceTree = "<group>"; };
		0A7BF80CDB958C48D7A6C586 /* Pods-BeFootTests.debug.xcconfig */ = {isa = PBXFileReference; includeInIndex = 1; lastKnownFileType = text.xcconfig; name = "Pods-BeFootTests.debug.xcconfig"; path = "Target Support Files/Pods-BeFootTests/Pods-BeFootTests.debug.xcconfig"; sourceTree = "<group>"; };
		2F3C8BEA23DB60D500B0CF35 /* MatchTableViewCell.swift */ = {isa = PBXFileReference; lastKnownFileType = sourcecode.swift; path = MatchTableViewCell.swift; sourceTree = "<group>"; };
		2F3C8BEB23DB60D500B0CF35 /* MatchTableViewCell.xib */ = {isa = PBXFileReference; lastKnownFileType = file.xib; path = MatchTableViewCell.xib; sourceTree = "<group>"; };
		2F3C8BF123DB637600B0CF35 /* Match.swift */ = {isa = PBXFileReference; lastKnownFileType = sourcecode.swift; path = Match.swift; sourceTree = "<group>"; };
		2F3C8BF323DB638400B0CF35 /* MatchService.swift */ = {isa = PBXFileReference; lastKnownFileType = sourcecode.swift; path = MatchService.swift; sourceTree = "<group>"; };
		2F3C8BF723DB673B00B0CF35 /* MatchMockService.swift */ = {isa = PBXFileReference; lastKnownFileType = sourcecode.swift; path = MatchMockService.swift; sourceTree = "<group>"; };
		2F4602E623E8C9F800FDAA29 /* TeamTableViewController.swift */ = {isa = PBXFileReference; lastKnownFileType = sourcecode.swift; path = TeamTableViewController.swift; sourceTree = "<group>"; };
		2F4602E723E8C9F800FDAA29 /* TeamTableViewController.xib */ = {isa = PBXFileReference; lastKnownFileType = file.xib; path = TeamTableViewController.xib; sourceTree = "<group>"; };
		2F4602EA23E8CB0600FDAA29 /* ScorerTableViewController.swift */ = {isa = PBXFileReference; lastKnownFileType = sourcecode.swift; path = ScorerTableViewController.swift; sourceTree = "<group>"; };
		2F4602EB23E8CB0600FDAA29 /* ScorerTableViewController.xib */ = {isa = PBXFileReference; lastKnownFileType = file.xib; path = ScorerTableViewController.xib; sourceTree = "<group>"; };
		2F4602F423E8CCBD00FDAA29 /* Player.swift */ = {isa = PBXFileReference; lastKnownFileType = sourcecode.swift; path = Player.swift; sourceTree = "<group>"; };
		2F4602F623E8CD1D00FDAA29 /* TeamService.swift */ = {isa = PBXFileReference; lastKnownFileType = sourcecode.swift; path = TeamService.swift; sourceTree = "<group>"; };
		2F4602F823E8CD2900FDAA29 /* PlayerService.swift */ = {isa = PBXFileReference; lastKnownFileType = sourcecode.swift; path = PlayerService.swift; sourceTree = "<group>"; };
		2F4602FA23E8CDB300FDAA29 /* TeamMockService.swift */ = {isa = PBXFileReference; lastKnownFileType = sourcecode.swift; path = TeamMockService.swift; sourceTree = "<group>"; };
		2F4602FE23E8CDCB00FDAA29 /* PlayerMockService.swift */ = {isa = PBXFileReference; lastKnownFileType = sourcecode.swift; path = PlayerMockService.swift; sourceTree = "<group>"; };
		2F46030023E8D87100FDAA29 /* ScorerTableViewCell.swift */ = {isa = PBXFileReference; lastKnownFileType = sourcecode.swift; path = ScorerTableViewCell.swift; sourceTree = "<group>"; };
		2F46030123E8D87100FDAA29 /* ScorerTableViewCell.xib */ = {isa = PBXFileReference; lastKnownFileType = file.xib; path = ScorerTableViewCell.xib; sourceTree = "<group>"; };
		2FCAA42A23C8E1A30096D839 /* HomeViewController.swift */ = {isa = PBXFileReference; lastKnownFileType = sourcecode.swift; path = HomeViewController.swift; sourceTree = "<group>"; };
		2FCAA42B23C8E1A30096D839 /* HomeViewController.xib */ = {isa = PBXFileReference; lastKnownFileType = file.xib; path = HomeViewController.xib; sourceTree = "<group>"; };
		2FCAA43623C8E65A0096D839 /* PronosticsViewController.swift */ = {isa = PBXFileReference; lastKnownFileType = sourcecode.swift; path = PronosticsViewController.swift; sourceTree = "<group>"; };
		2FCAA43723C8E65A0096D839 /* PronosticsViewController.xib */ = {isa = PBXFileReference; lastKnownFileType = file.xib; path = PronosticsViewController.xib; sourceTree = "<group>"; };
		2FDC290023AA97DB00367401 /* BeFoot.app */ = {isa = PBXFileReference; explicitFileType = wrapper.application; includeInIndex = 0; path = BeFoot.app; sourceTree = BUILT_PRODUCTS_DIR; };
		2FDC290323AA97DB00367401 /* AppDelegate.swift */ = {isa = PBXFileReference; lastKnownFileType = sourcecode.swift; path = AppDelegate.swift; sourceTree = "<group>"; };
		2FDC290523AA97DB00367401 /* SceneDelegate.swift */ = {isa = PBXFileReference; lastKnownFileType = sourcecode.swift; path = SceneDelegate.swift; sourceTree = "<group>"; };
		2FDC290C23AA97DE00367401 /* Assets.xcassets */ = {isa = PBXFileReference; lastKnownFileType = folder.assetcatalog; path = Assets.xcassets; sourceTree = "<group>"; };
		2FDC290F23AA97DE00367401 /* Base */ = {isa = PBXFileReference; lastKnownFileType = file.storyboard; name = Base; path = Base.lproj/LaunchScreen.storyboard; sourceTree = "<group>"; };
		2FDC291123AA97DE00367401 /* Info.plist */ = {isa = PBXFileReference; lastKnownFileType = text.plist.xml; path = Info.plist; sourceTree = "<group>"; };
		2FDC291623AA97DF00367401 /* BeFootTests.xctest */ = {isa = PBXFileReference; explicitFileType = wrapper.cfbundle; includeInIndex = 0; path = BeFootTests.xctest; sourceTree = BUILT_PRODUCTS_DIR; };
		2FDC291A23AA97DF00367401 /* BeFootTests.swift */ = {isa = PBXFileReference; lastKnownFileType = sourcecode.swift; path = BeFootTests.swift; sourceTree = "<group>"; };
		2FDC291C23AA97DF00367401 /* Info.plist */ = {isa = PBXFileReference; lastKnownFileType = text.plist.xml; path = Info.plist; sourceTree = "<group>"; };
		2FDC292123AA97DF00367401 /* BeFootUITests.xctest */ = {isa = PBXFileReference; explicitFileType = wrapper.cfbundle; includeInIndex = 0; path = BeFootUITests.xctest; sourceTree = BUILT_PRODUCTS_DIR; };
		2FDC292523AA97DF00367401 /* BeFootUITests.swift */ = {isa = PBXFileReference; lastKnownFileType = sourcecode.swift; path = BeFootUITests.swift; sourceTree = "<group>"; };
		2FDC292723AA97DF00367401 /* Info.plist */ = {isa = PBXFileReference; lastKnownFileType = text.plist.xml; path = Info.plist; sourceTree = "<group>"; };
		44200C978C44601AC2B8AEF4 /* Pods_BeFoot_BeFootUITests.framework */ = {isa = PBXFileReference; explicitFileType = wrapper.framework; includeInIndex = 0; path = Pods_BeFoot_BeFootUITests.framework; sourceTree = BUILT_PRODUCTS_DIR; };
		4CE1E42D7B95053E077655EE /* Pods_BeFoot.framework */ = {isa = PBXFileReference; explicitFileType = wrapper.framework; includeInIndex = 0; path = Pods_BeFoot.framework; sourceTree = BUILT_PRODUCTS_DIR; };
		5B18626C23ECBFE500ACB082 /* LeagueServiceApi.swift */ = {isa = PBXFileReference; lastKnownFileType = sourcecode.swift; path = LeagueServiceApi.swift; sourceTree = "<group>"; };
		5B18627023EED59100ACB082 /* PlayerServiceApi.swift */ = {isa = PBXFileReference; lastKnownFileType = sourcecode.swift; path = PlayerServiceApi.swift; sourceTree = "<group>"; };
		5B18627323EF228800ACB082 /* MatchServiceApi.swift */ = {isa = PBXFileReference; lastKnownFileType = sourcecode.swift; path = MatchServiceApi.swift; sourceTree = "<group>"; };
		5B811E8923E31CEF00B756A2 /* GoogleService-Info.plist */ = {isa = PBXFileReference; fileEncoding = 4; lastKnownFileType = text.plist.xml; path = "GoogleService-Info.plist"; sourceTree = "<group>"; };
		5BA7BDA223E4334D00A1F507 /* LeaguesViewController.swift */ = {isa = PBXFileReference; lastKnownFileType = sourcecode.swift; path = LeaguesViewController.swift; sourceTree = "<group>"; };
		5BA7BDA323E4334D00A1F507 /* LeaguesViewController.xib */ = {isa = PBXFileReference; lastKnownFileType = file.xib; path = LeaguesViewController.xib; sourceTree = "<group>"; };
		5BA7BDAA23E43E6800A1F507 /* TeamTableViewCell.swift */ = {isa = PBXFileReference; lastKnownFileType = sourcecode.swift; path = TeamTableViewCell.swift; sourceTree = "<group>"; };
		5BA7BDAB23E43E6800A1F507 /* TeamTableViewCell.xib */ = {isa = PBXFileReference; lastKnownFileType = file.xib; path = TeamTableViewCell.xib; sourceTree = "<group>"; };
		5BA7BDB723E4414500A1F507 /* League.swift */ = {isa = PBXFileReference; lastKnownFileType = sourcecode.swift; path = League.swift; sourceTree = "<group>"; };
		5BA7BDB923E4419B00A1F507 /* Team.swift */ = {isa = PBXFileReference; lastKnownFileType = sourcecode.swift; path = Team.swift; sourceTree = "<group>"; };
		5BA7BDBB23E4422700A1F507 /* LeagueMockService.swift */ = {isa = PBXFileReference; lastKnownFileType = sourcecode.swift; path = LeagueMockService.swift; sourceTree = "<group>"; };
		5BA7BDBD23E4424500A1F507 /* LeagueService.swift */ = {isa = PBXFileReference; lastKnownFileType = sourcecode.swift; path = LeagueService.swift; sourceTree = "<group>"; };
		5BD706B423F02C8300C98C32 /* CoteTableViewCell.swift */ = {isa = PBXFileReference; fileEncoding = 4; lastKnownFileType = sourcecode.swift; path = CoteTableViewCell.swift; sourceTree = "<group>"; };
		5BD706B523F02C8300C98C32 /* MatchDetailsViewController.swift */ = {isa = PBXFileReference; fileEncoding = 4; lastKnownFileType = sourcecode.swift; path = MatchDetailsViewController.swift; sourceTree = "<group>"; };
		5BD706B623F02C8300C98C32 /* CoteTableViewCell.xib */ = {isa = PBXFileReference; fileEncoding = 4; lastKnownFileType = file.xib; path = CoteTableViewCell.xib; sourceTree = "<group>"; };
		5BD706B723F02C8300C98C32 /* MatchDetailsViewController.xib */ = {isa = PBXFileReference; fileEncoding = 4; lastKnownFileType = file.xib; path = MatchDetailsViewController.xib; sourceTree = "<group>"; };
		7D950732D9A3A8E0FE2FA2E0 /* Pods-BeFoot.release.xcconfig */ = {isa = PBXFileReference; includeInIndex = 1; lastKnownFileType = text.xcconfig; name = "Pods-BeFoot.release.xcconfig"; path = "Target Support Files/Pods-BeFoot/Pods-BeFoot.release.xcconfig"; sourceTree = "<group>"; };
		986DF887026510026D845D59 /* Pods-BeFoot-BeFootUITests.release.xcconfig */ = {isa = PBXFileReference; includeInIndex = 1; lastKnownFileType = text.xcconfig; name = "Pods-BeFoot-BeFootUITests.release.xcconfig"; path = "Target Support Files/Pods-BeFoot-BeFootUITests/Pods-BeFoot-BeFootUITests.release.xcconfig"; sourceTree = "<group>"; };
		E082EA55F74B19DE47D8493E /* Pods-BeFoot-BeFootUITests.debug.xcconfig */ = {isa = PBXFileReference; includeInIndex = 1; lastKnownFileType = text.xcconfig; name = "Pods-BeFoot-BeFootUITests.debug.xcconfig"; path = "Target Support Files/Pods-BeFoot-BeFootUITests/Pods-BeFoot-BeFootUITests.debug.xcconfig"; sourceTree = "<group>"; };
		F0EAD41CA224F5647E482762 /* Pods-BeFoot.debug.xcconfig */ = {isa = PBXFileReference; includeInIndex = 1; lastKnownFileType = text.xcconfig; name = "Pods-BeFoot.debug.xcconfig"; path = "Target Support Files/Pods-BeFoot/Pods-BeFoot.debug.xcconfig"; sourceTree = "<group>"; };
/* End PBXFileReference section */

/* Begin PBXFrameworksBuildPhase section */
		2FDC28FD23AA97DB00367401 /* Frameworks */ = {
			isa = PBXFrameworksBuildPhase;
			buildActionMask = 2147483647;
			files = (
				60D35DE0848040BA8500F6B5 /* Pods_BeFoot.framework in Frameworks */,
			);
			runOnlyForDeploymentPostprocessing = 0;
		};
		2FDC291323AA97DF00367401 /* Frameworks */ = {
			isa = PBXFrameworksBuildPhase;
			buildActionMask = 2147483647;
			files = (
				C93E71FC2A597E2542587BAA /* Pods_BeFootTests.framework in Frameworks */,
			);
			runOnlyForDeploymentPostprocessing = 0;
		};
		2FDC291E23AA97DF00367401 /* Frameworks */ = {
			isa = PBXFrameworksBuildPhase;
			buildActionMask = 2147483647;
			files = (
				3FC93FF008A19860796EB6DC /* Pods_BeFoot_BeFootUITests.framework in Frameworks */,
			);
			runOnlyForDeploymentPostprocessing = 0;
		};
/* End PBXFrameworksBuildPhase section */

/* Begin PBXGroup section */
		2F3C8BEE23DB634C00B0CF35 /* Domains */ = {
			isa = PBXGroup;
			children = (
				5BA7BDB623E4412D00A1F507 /* Leagues */,
				2F3C8BEF23DB635300B0CF35 /* Match */,
			);
			path = Domains;
			sourceTree = "<group>";
		};
		2F3C8BEF23DB635300B0CF35 /* Match */ = {
			isa = PBXGroup;
			children = (
				2F3C8BF123DB637600B0CF35 /* Match.swift */,
				2F3C8BF323DB638400B0CF35 /* MatchService.swift */,
			);
			path = Match;
			sourceTree = "<group>";
		};
		2F3C8BF623DB672E00B0CF35 /* Mock */ = {
			isa = PBXGroup;
			children = (
				2F3C8BF723DB673B00B0CF35 /* MatchMockService.swift */,
				5BA7BDBB23E4422700A1F507 /* LeagueMockService.swift */,
				2F4602FA23E8CDB300FDAA29 /* TeamMockService.swift */,
				2F4602FE23E8CDCB00FDAA29 /* PlayerMockService.swift */,
			);
			path = Mock;
			sourceTree = "<group>";
		};
		2FCAA42923C8E1520096D839 /* Home */ = {
			isa = PBXGroup;
			children = (
				5BD706B423F02C8300C98C32 /* CoteTableViewCell.swift */,
				5BD706B623F02C8300C98C32 /* CoteTableViewCell.xib */,
				5BD706B523F02C8300C98C32 /* MatchDetailsViewController.swift */,
				5BD706B723F02C8300C98C32 /* MatchDetailsViewController.xib */,
				2FCAA42A23C8E1A30096D839 /* HomeViewController.swift */,
				2FCAA42B23C8E1A30096D839 /* HomeViewController.xib */,
				2F3C8BEA23DB60D500B0CF35 /* MatchTableViewCell.swift */,
				2F3C8BEB23DB60D500B0CF35 /* MatchTableViewCell.xib */,
			);
			path = Home;
			sourceTree = "<group>";
		};
		2FCAA42E23C8E5D90096D839 /* Scenes */ = {
			isa = PBXGroup;
			children = (
				5BA7BDA123E4333500A1F507 /* League */,
				2FCAA43423C8E6300096D839 /* Pronostics */,
				2FCAA42923C8E1520096D839 /* Home */,
			);
			path = Scenes;
			sourceTree = "<group>";
		};
		2FCAA43423C8E6300096D839 /* Pronostics */ = {
			isa = PBXGroup;
			children = (
				2FCAA43623C8E65A0096D839 /* PronosticsViewController.swift */,
				2FCAA43723C8E65A0096D839 /* PronosticsViewController.xib */,
			);
			path = Pronostics;
			sourceTree = "<group>";
		};
		2FDC28F723AA97DB00367401 = {
			isa = PBXGroup;
			children = (
				2FDC290223AA97DB00367401 /* BeFoot */,
				2FDC291923AA97DF00367401 /* BeFootTests */,
				2FDC292423AA97DF00367401 /* BeFootUITests */,
				2FDC290123AA97DB00367401 /* Products */,
				C2A9B51BC47CCFD0CD141CB9 /* Pods */,
				7C833EFEB8ED6A393E80004D /* Frameworks */,
			);
			sourceTree = "<group>";
		};
		2FDC290123AA97DB00367401 /* Products */ = {
			isa = PBXGroup;
			children = (
				2FDC290023AA97DB00367401 /* BeFoot.app */,
				2FDC291623AA97DF00367401 /* BeFootTests.xctest */,
				2FDC292123AA97DF00367401 /* BeFootUITests.xctest */,
			);
			name = Products;
			sourceTree = "<group>";
		};
		2FDC290223AA97DB00367401 /* BeFoot */ = {
			isa = PBXGroup;
			children = (
				5B18626B23ECBE9700ACB082 /* API */,
				2F3C8BF623DB672E00B0CF35 /* Mock */,
				2F3C8BEE23DB634C00B0CF35 /* Domains */,
				2FCAA42E23C8E5D90096D839 /* Scenes */,
				2FDC290323AA97DB00367401 /* AppDelegate.swift */,
				2FDC290523AA97DB00367401 /* SceneDelegate.swift */,
				2FDC290C23AA97DE00367401 /* Assets.xcassets */,
				2FDC290E23AA97DE00367401 /* LaunchScreen.storyboard */,
				5B811E8923E31CEF00B756A2 /* GoogleService-Info.plist */,
				2FDC291123AA97DE00367401 /* Info.plist */,
			);
			path = BeFoot;
			sourceTree = "<group>";
		};
		2FDC291923AA97DF00367401 /* BeFootTests */ = {
			isa = PBXGroup;
			children = (
				2FDC291A23AA97DF00367401 /* BeFootTests.swift */,
				2FDC291C23AA97DF00367401 /* Info.plist */,
			);
			path = BeFootTests;
			sourceTree = "<group>";
		};
		2FDC292423AA97DF00367401 /* BeFootUITests */ = {
			isa = PBXGroup;
			children = (
				2FDC292523AA97DF00367401 /* BeFootUITests.swift */,
				2FDC292723AA97DF00367401 /* Info.plist */,
			);
			path = BeFootUITests;
			sourceTree = "<group>";
		};
		5B18626B23ECBE9700ACB082 /* API */ = {
			isa = PBXGroup;
			children = (
				5B18626C23ECBFE500ACB082 /* LeagueServiceApi.swift */,
				5B18627023EED59100ACB082 /* PlayerServiceApi.swift */,
				5B18627323EF228800ACB082 /* MatchServiceApi.swift */,
			);
			path = API;
			sourceTree = "<group>";
		};
		5BA7BDA123E4333500A1F507 /* League */ = {
			isa = PBXGroup;
			children = (
				5BA7BDA223E4334D00A1F507 /* LeaguesViewController.swift */,
				5BA7BDA323E4334D00A1F507 /* LeaguesViewController.xib */,
				5BA7BDAA23E43E6800A1F507 /* TeamTableViewCell.swift */,
				5BA7BDAB23E43E6800A1F507 /* TeamTableViewCell.xib */,
				2F4602E623E8C9F800FDAA29 /* TeamTableViewController.swift */,
				2F4602E723E8C9F800FDAA29 /* TeamTableViewController.xib */,
				2F4602EA23E8CB0600FDAA29 /* ScorerTableViewController.swift */,
				2F4602EB23E8CB0600FDAA29 /* ScorerTableViewController.xib */,
				2F46030023E8D87100FDAA29 /* ScorerTableViewCell.swift */,
				2F46030123E8D87100FDAA29 /* ScorerTableViewCell.xib */,
			);
			path = League;
			sourceTree = "<group>";
		};
		5BA7BDB623E4412D00A1F507 /* Leagues */ = {
			isa = PBXGroup;
			children = (
				5BA7BDB723E4414500A1F507 /* League.swift */,
				5BA7BDB923E4419B00A1F507 /* Team.swift */,
				5BA7BDBD23E4424500A1F507 /* LeagueService.swift */,
				2F4602F423E8CCBD00FDAA29 /* Player.swift */,
				2F4602F623E8CD1D00FDAA29 /* TeamService.swift */,
				2F4602F823E8CD2900FDAA29 /* PlayerService.swift */,
			);
			path = Leagues;
			sourceTree = "<group>";
		};
		7C833EFEB8ED6A393E80004D /* Frameworks */ = {
			isa = PBXGroup;
			children = (
				4CE1E42D7B95053E077655EE /* Pods_BeFoot.framework */,
				44200C978C44601AC2B8AEF4 /* Pods_BeFoot_BeFootUITests.framework */,
				04AF8FBF93490EE749504519 /* Pods_BeFootTests.framework */,
			);
			name = Frameworks;
			sourceTree = "<group>";
		};
		C2A9B51BC47CCFD0CD141CB9 /* Pods */ = {
			isa = PBXGroup;
			children = (
				F0EAD41CA224F5647E482762 /* Pods-BeFoot.debug.xcconfig */,
				7D950732D9A3A8E0FE2FA2E0 /* Pods-BeFoot.release.xcconfig */,
				E082EA55F74B19DE47D8493E /* Pods-BeFoot-BeFootUITests.debug.xcconfig */,
				986DF887026510026D845D59 /* Pods-BeFoot-BeFootUITests.release.xcconfig */,
				0A7BF80CDB958C48D7A6C586 /* Pods-BeFootTests.debug.xcconfig */,
				08609D6B6B48C7EA3FF0EE27 /* Pods-BeFootTests.release.xcconfig */,
			);
			path = Pods;
			sourceTree = "<group>";
		};
/* End PBXGroup section */

/* Begin PBXNativeTarget section */
		2FDC28FF23AA97DB00367401 /* BeFoot */ = {
			isa = PBXNativeTarget;
			buildConfigurationList = 2FDC292A23AA97DF00367401 /* Build configuration list for PBXNativeTarget "BeFoot" */;
			buildPhases = (
				12D761ADC4FB6F93123BA866 /* [CP] Check Pods Manifest.lock */,
				2FDC28FC23AA97DB00367401 /* Sources */,
				2FDC28FD23AA97DB00367401 /* Frameworks */,
				2FDC28FE23AA97DB00367401 /* Resources */,
			);
			buildRules = (
			);
			dependencies = (
			);
			name = BeFoot;
			productName = BeFoot;
			productReference = 2FDC290023AA97DB00367401 /* BeFoot.app */;
			productType = "com.apple.product-type.application";
		};
		2FDC291523AA97DF00367401 /* BeFootTests */ = {
			isa = PBXNativeTarget;
			buildConfigurationList = 2FDC292D23AA97DF00367401 /* Build configuration list for PBXNativeTarget "BeFootTests" */;
			buildPhases = (
				4D43CDFEB9A93E83FD67E5E0 /* [CP] Check Pods Manifest.lock */,
				2FDC291223AA97DF00367401 /* Sources */,
				2FDC291323AA97DF00367401 /* Frameworks */,
				2FDC291423AA97DF00367401 /* Resources */,
			);
			buildRules = (
			);
			dependencies = (
				2FDC291823AA97DF00367401 /* PBXTargetDependency */,
			);
			name = BeFootTests;
			productName = BeFootTests;
			productReference = 2FDC291623AA97DF00367401 /* BeFootTests.xctest */;
			productType = "com.apple.product-type.bundle.unit-test";
		};
		2FDC292023AA97DF00367401 /* BeFootUITests */ = {
			isa = PBXNativeTarget;
			buildConfigurationList = 2FDC293023AA97DF00367401 /* Build configuration list for PBXNativeTarget "BeFootUITests" */;
			buildPhases = (
				92957A705D9717120ED723AF /* [CP] Check Pods Manifest.lock */,
				2FDC291D23AA97DF00367401 /* Sources */,
				2FDC291E23AA97DF00367401 /* Frameworks */,
				2FDC291F23AA97DF00367401 /* Resources */,
			);
			buildRules = (
			);
			dependencies = (
				2FDC292323AA97DF00367401 /* PBXTargetDependency */,
			);
			name = BeFootUITests;
			productName = BeFootUITests;
			productReference = 2FDC292123AA97DF00367401 /* BeFootUITests.xctest */;
			productType = "com.apple.product-type.bundle.ui-testing";
		};
/* End PBXNativeTarget section */

/* Begin PBXProject section */
		2FDC28F823AA97DB00367401 /* Project object */ = {
			isa = PBXProject;
			attributes = {
				LastSwiftUpdateCheck = 1100;
				LastUpgradeCheck = 1100;
				ORGANIZATIONNAME = LukasYaniAless;
				TargetAttributes = {
					2FDC28FF23AA97DB00367401 = {
						CreatedOnToolsVersion = 11.0;
					};
					2FDC291523AA97DF00367401 = {
						CreatedOnToolsVersion = 11.0;
						TestTargetID = 2FDC28FF23AA97DB00367401;
					};
					2FDC292023AA97DF00367401 = {
						CreatedOnToolsVersion = 11.0;
						TestTargetID = 2FDC28FF23AA97DB00367401;
					};
				};
			};
			buildConfigurationList = 2FDC28FB23AA97DB00367401 /* Build configuration list for PBXProject "BeFoot" */;
			compatibilityVersion = "Xcode 9.3";
			developmentRegion = en;
			hasScannedForEncodings = 0;
			knownRegions = (
				en,
				Base,
			);
			mainGroup = 2FDC28F723AA97DB00367401;
			productRefGroup = 2FDC290123AA97DB00367401 /* Products */;
			projectDirPath = "";
			projectRoot = "";
			targets = (
				2FDC28FF23AA97DB00367401 /* BeFoot */,
				2FDC291523AA97DF00367401 /* BeFootTests */,
				2FDC292023AA97DF00367401 /* BeFootUITests */,
			);
		};
/* End PBXProject section */

/* Begin PBXResourcesBuildPhase section */
		2FDC28FE23AA97DB00367401 /* Resources */ = {
			isa = PBXResourcesBuildPhase;
			buildActionMask = 2147483647;
			files = (
				5BD706BA23F02C8400C98C32 /* CoteTableViewCell.xib in Resources */,
				5BA7BDAD23E43E6800A1F507 /* TeamTableViewCell.xib in Resources */,
				2F46030323E8D87100FDAA29 /* ScorerTableViewCell.xib in Resources */,
				2FDC291023AA97DE00367401 /* LaunchScreen.storyboard in Resources */,
				5BA7BDA523E4334D00A1F507 /* LeaguesViewController.xib in Resources */,
				5B811E8A23E31CEF00B756A2 /* GoogleService-Info.plist in Resources */,
				5BD706BB23F02C8400C98C32 /* MatchDetailsViewController.xib in Resources */,
				2F3C8BED23DB60D500B0CF35 /* MatchTableViewCell.xib in Resources */,
				2F4602E923E8C9F800FDAA29 /* TeamTableViewController.xib in Resources */,
				2FCAA43923C8E65A0096D839 /* PronosticsViewController.xib in Resources */,
				2FDC290D23AA97DE00367401 /* Assets.xcassets in Resources */,
				2FCAA42D23C8E1A30096D839 /* HomeViewController.xib in Resources */,
				2F4602ED23E8CB0600FDAA29 /* ScorerTableViewController.xib in Resources */,
			);
			runOnlyForDeploymentPostprocessing = 0;
		};
		2FDC291423AA97DF00367401 /* Resources */ = {
			isa = PBXResourcesBuildPhase;
			buildActionMask = 2147483647;
			files = (
			);
			runOnlyForDeploymentPostprocessing = 0;
		};
		2FDC291F23AA97DF00367401 /* Resources */ = {
			isa = PBXResourcesBuildPhase;
			buildActionMask = 2147483647;
			files = (
			);
			runOnlyForDeploymentPostprocessing = 0;
		};
/* End PBXResourcesBuildPhase section */

/* Begin PBXShellScriptBuildPhase section */
		12D761ADC4FB6F93123BA866 /* [CP] Check Pods Manifest.lock */ = {
			isa = PBXShellScriptBuildPhase;
			buildActionMask = 2147483647;
			files = (
			);
			inputFileListPaths = (
			);
			inputPaths = (
				"${PODS_PODFILE_DIR_PATH}/Podfile.lock",
				"${PODS_ROOT}/Manifest.lock",
			);
			name = "[CP] Check Pods Manifest.lock";
			outputFileListPaths = (
			);
			outputPaths = (
				"$(DERIVED_FILE_DIR)/Pods-BeFoot-checkManifestLockResult.txt",
			);
			runOnlyForDeploymentPostprocessing = 0;
			shellPath = /bin/sh;
			shellScript = "diff \"${PODS_PODFILE_DIR_PATH}/Podfile.lock\" \"${PODS_ROOT}/Manifest.lock\" > /dev/null\nif [ $? != 0 ] ; then\n    # print error to STDERR\n    echo \"error: The sandbox is not in sync with the Podfile.lock. Run 'pod install' or update your CocoaPods installation.\" >&2\n    exit 1\nfi\n# This output is used by Xcode 'outputs' to avoid re-running this script phase.\necho \"SUCCESS\" > \"${SCRIPT_OUTPUT_FILE_0}\"\n";
			showEnvVarsInLog = 0;
		};
		4D43CDFEB9A93E83FD67E5E0 /* [CP] Check Pods Manifest.lock */ = {
			isa = PBXShellScriptBuildPhase;
			buildActionMask = 2147483647;
			files = (
			);
			inputFileListPaths = (
			);
			inputPaths = (
				"${PODS_PODFILE_DIR_PATH}/Podfile.lock",
				"${PODS_ROOT}/Manifest.lock",
			);
			name = "[CP] Check Pods Manifest.lock";
			outputFileListPaths = (
			);
			outputPaths = (
				"$(DERIVED_FILE_DIR)/Pods-BeFootTests-checkManifestLockResult.txt",
			);
			runOnlyForDeploymentPostprocessing = 0;
			shellPath = /bin/sh;
			shellScript = "diff \"${PODS_PODFILE_DIR_PATH}/Podfile.lock\" \"${PODS_ROOT}/Manifest.lock\" > /dev/null\nif [ $? != 0 ] ; then\n    # print error to STDERR\n    echo \"error: The sandbox is not in sync with the Podfile.lock. Run 'pod install' or update your CocoaPods installation.\" >&2\n    exit 1\nfi\n# This output is used by Xcode 'outputs' to avoid re-running this script phase.\necho \"SUCCESS\" > \"${SCRIPT_OUTPUT_FILE_0}\"\n";
			showEnvVarsInLog = 0;
		};
		92957A705D9717120ED723AF /* [CP] Check Pods Manifest.lock */ = {
			isa = PBXShellScriptBuildPhase;
			buildActionMask = 2147483647;
			files = (
			);
			inputFileListPaths = (
			);
			inputPaths = (
				"${PODS_PODFILE_DIR_PATH}/Podfile.lock",
				"${PODS_ROOT}/Manifest.lock",
			);
			name = "[CP] Check Pods Manifest.lock";
			outputFileListPaths = (
			);
			outputPaths = (
				"$(DERIVED_FILE_DIR)/Pods-BeFoot-BeFootUITests-checkManifestLockResult.txt",
			);
			runOnlyForDeploymentPostprocessing = 0;
			shellPath = /bin/sh;
			shellScript = "diff \"${PODS_PODFILE_DIR_PATH}/Podfile.lock\" \"${PODS_ROOT}/Manifest.lock\" > /dev/null\nif [ $? != 0 ] ; then\n    # print error to STDERR\n    echo \"error: The sandbox is not in sync with the Podfile.lock. Run 'pod install' or update your CocoaPods installation.\" >&2\n    exit 1\nfi\n# This output is used by Xcode 'outputs' to avoid re-running this script phase.\necho \"SUCCESS\" > \"${SCRIPT_OUTPUT_FILE_0}\"\n";
			showEnvVarsInLog = 0;
		};
/* End PBXShellScriptBuildPhase section */

/* Begin PBXSourcesBuildPhase section */
		2FDC28FC23AA97DB00367401 /* Sources */ = {
			isa = PBXSourcesBuildPhase;
			buildActionMask = 2147483647;
			files = (
				2FDC290423AA97DB00367401 /* AppDelegate.swift in Sources */,
				2F3C8BF223DB637600B0CF35 /* Match.swift in Sources */,
				5BA7BDBE23E4424500A1F507 /* LeagueService.swift in Sources */,
				5BA7BDBC23E4422700A1F507 /* LeagueMockService.swift in Sources */,
				5BA7BDBA23E4419B00A1F507 /* Team.swift in Sources */,
				5BD706B923F02C8400C98C32 /* MatchDetailsViewController.swift in Sources */,
				2FDC290623AA97DB00367401 /* SceneDelegate.swift in Sources */,
				2F3C8BEC23DB60D500B0CF35 /* MatchTableViewCell.swift in Sources */,
				2F4602F523E8CCBD00FDAA29 /* Player.swift in Sources */,
				5BD706B823F02C8400C98C32 /* CoteTableViewCell.swift in Sources */,
				2F3C8BF423DB638400B0CF35 /* MatchService.swift in Sources */,
				5B18627423EF228800ACB082 /* MatchServiceApi.swift in Sources */,
				2F4602FF23E8CDCB00FDAA29 /* PlayerMockService.swift in Sources */,
				2F4602F723E8CD1D00FDAA29 /* TeamService.swift in Sources */,
				5B18627123EED59100ACB082 /* PlayerServiceApi.swift in Sources */,
				2F4602EC23E8CB0600FDAA29 /* ScorerTableViewController.swift in Sources */,
				5B18626D23ECBFE500ACB082 /* LeagueServiceApi.swift in Sources */,
				2F46030223E8D87100FDAA29 /* ScorerTableViewCell.swift in Sources */,
				2F4602FB23E8CDB300FDAA29 /* TeamMockService.swift in Sources */,
				5BA7BDB823E4414500A1F507 /* League.swift in Sources */,
				2F3C8BF823DB673B00B0CF35 /* MatchMockService.swift in Sources */,
				5BA7BDAC23E43E6800A1F507 /* TeamTableViewCell.swift in Sources */,
				2FCAA43823C8E65A0096D839 /* PronosticsViewController.swift in Sources */,
				2F4602E823E8C9F800FDAA29 /* TeamTableViewController.swift in Sources */,
				2F4602F923E8CD2900FDAA29 /* PlayerService.swift in Sources */,
				2FCAA42C23C8E1A30096D839 /* HomeViewController.swift in Sources */,
				5BA7BDA423E4334D00A1F507 /* LeaguesViewController.swift in Sources */,
			);
			runOnlyForDeploymentPostprocessing = 0;
		};
		2FDC291223AA97DF00367401 /* Sources */ = {
			isa = PBXSourcesBuildPhase;
			buildActionMask = 2147483647;
			files = (
				2FDC291B23AA97DF00367401 /* BeFootTests.swift in Sources */,
			);
			runOnlyForDeploymentPostprocessing = 0;
		};
		2FDC291D23AA97DF00367401 /* Sources */ = {
			isa = PBXSourcesBuildPhase;
			buildActionMask = 2147483647;
			files = (
				2FDC292623AA97DF00367401 /* BeFootUITests.swift in Sources */,
			);
			runOnlyForDeploymentPostprocessing = 0;
		};
/* End PBXSourcesBuildPhase section */

/* Begin PBXTargetDependency section */
		2FDC291823AA97DF00367401 /* PBXTargetDependency */ = {
			isa = PBXTargetDependency;
			target = 2FDC28FF23AA97DB00367401 /* BeFoot */;
			targetProxy = 2FDC291723AA97DF00367401 /* PBXContainerItemProxy */;
		};
		2FDC292323AA97DF00367401 /* PBXTargetDependency */ = {
			isa = PBXTargetDependency;
			target = 2FDC28FF23AA97DB00367401 /* BeFoot */;
			targetProxy = 2FDC292223AA97DF00367401 /* PBXContainerItemProxy */;
		};
/* End PBXTargetDependency section */

/* Begin PBXVariantGroup section */
		2FDC290E23AA97DE00367401 /* LaunchScreen.storyboard */ = {
			isa = PBXVariantGroup;
			children = (
				2FDC290F23AA97DE00367401 /* Base */,
			);
			name = LaunchScreen.storyboard;
			sourceTree = "<group>";
		};
/* End PBXVariantGroup section */

/* Begin XCBuildConfiguration section */
		2FDC292823AA97DF00367401 /* Debug */ = {
			isa = XCBuildConfiguration;
			buildSettings = {
				ALWAYS_SEARCH_USER_PATHS = NO;
				CLANG_ANALYZER_NONNULL = YES;
				CLANG_ANALYZER_NUMBER_OBJECT_CONVERSION = YES_AGGRESSIVE;
				CLANG_CXX_LANGUAGE_STANDARD = "gnu++14";
				CLANG_CXX_LIBRARY = "libc++";
				CLANG_ENABLE_MODULES = YES;
				CLANG_ENABLE_OBJC_ARC = YES;
				CLANG_ENABLE_OBJC_WEAK = YES;
				CLANG_WARN_BLOCK_CAPTURE_AUTORELEASING = YES;
				CLANG_WARN_BOOL_CONVERSION = YES;
				CLANG_WARN_COMMA = YES;
				CLANG_WARN_CONSTANT_CONVERSION = YES;
				CLANG_WARN_DEPRECATED_OBJC_IMPLEMENTATIONS = YES;
				CLANG_WARN_DIRECT_OBJC_ISA_USAGE = YES_ERROR;
				CLANG_WARN_DOCUMENTATION_COMMENTS = YES;
				CLANG_WARN_EMPTY_BODY = YES;
				CLANG_WARN_ENUM_CONVERSION = YES;
				CLANG_WARN_INFINITE_RECURSION = YES;
				CLANG_WARN_INT_CONVERSION = YES;
				CLANG_WARN_NON_LITERAL_NULL_CONVERSION = YES;
				CLANG_WARN_OBJC_IMPLICIT_RETAIN_SELF = YES;
				CLANG_WARN_OBJC_LITERAL_CONVERSION = YES;
				CLANG_WARN_OBJC_ROOT_CLASS = YES_ERROR;
				CLANG_WARN_RANGE_LOOP_ANALYSIS = YES;
				CLANG_WARN_STRICT_PROTOTYPES = YES;
				CLANG_WARN_SUSPICIOUS_MOVE = YES;
				CLANG_WARN_UNGUARDED_AVAILABILITY = YES_AGGRESSIVE;
				CLANG_WARN_UNREACHABLE_CODE = YES;
				CLANG_WARN__DUPLICATE_METHOD_MATCH = YES;
				COPY_PHASE_STRIP = NO;
				DEBUG_INFORMATION_FORMAT = dwarf;
				ENABLE_STRICT_OBJC_MSGSEND = YES;
				ENABLE_TESTABILITY = YES;
				GCC_C_LANGUAGE_STANDARD = gnu11;
				GCC_DYNAMIC_NO_PIC = NO;
				GCC_NO_COMMON_BLOCKS = YES;
				GCC_OPTIMIZATION_LEVEL = 0;
				GCC_PREPROCESSOR_DEFINITIONS = (
					"DEBUG=1",
					"$(inherited)",
				);
				GCC_WARN_64_TO_32_BIT_CONVERSION = YES;
				GCC_WARN_ABOUT_RETURN_TYPE = YES_ERROR;
				GCC_WARN_UNDECLARED_SELECTOR = YES;
				GCC_WARN_UNINITIALIZED_AUTOS = YES_AGGRESSIVE;
				GCC_WARN_UNUSED_FUNCTION = YES;
				GCC_WARN_UNUSED_VARIABLE = YES;
				IPHONEOS_DEPLOYMENT_TARGET = 13.0;
				MTL_ENABLE_DEBUG_INFO = INCLUDE_SOURCE;
				MTL_FAST_MATH = YES;
				ONLY_ACTIVE_ARCH = YES;
				SDKROOT = iphoneos;
				SWIFT_ACTIVE_COMPILATION_CONDITIONS = DEBUG;
				SWIFT_OPTIMIZATION_LEVEL = "-Onone";
			};
			name = Debug;
		};
		2FDC292923AA97DF00367401 /* Release */ = {
			isa = XCBuildConfiguration;
			buildSettings = {
				ALWAYS_SEARCH_USER_PATHS = NO;
				CLANG_ANALYZER_NONNULL = YES;
				CLANG_ANALYZER_NUMBER_OBJECT_CONVERSION = YES_AGGRESSIVE;
				CLANG_CXX_LANGUAGE_STANDARD = "gnu++14";
				CLANG_CXX_LIBRARY = "libc++";
				CLANG_ENABLE_MODULES = YES;
				CLANG_ENABLE_OBJC_ARC = YES;
				CLANG_ENABLE_OBJC_WEAK = YES;
				CLANG_WARN_BLOCK_CAPTURE_AUTORELEASING = YES;
				CLANG_WARN_BOOL_CONVERSION = YES;
				CLANG_WARN_COMMA = YES;
				CLANG_WARN_CONSTANT_CONVERSION = YES;
				CLANG_WARN_DEPRECATED_OBJC_IMPLEMENTATIONS = YES;
				CLANG_WARN_DIRECT_OBJC_ISA_USAGE = YES_ERROR;
				CLANG_WARN_DOCUMENTATION_COMMENTS = YES;
				CLANG_WARN_EMPTY_BODY = YES;
				CLANG_WARN_ENUM_CONVERSION = YES;
				CLANG_WARN_INFINITE_RECURSION = YES;
				CLANG_WARN_INT_CONVERSION = YES;
				CLANG_WARN_NON_LITERAL_NULL_CONVERSION = YES;
				CLANG_WARN_OBJC_IMPLICIT_RETAIN_SELF = YES;
				CLANG_WARN_OBJC_LITERAL_CONVERSION = YES;
				CLANG_WARN_OBJC_ROOT_CLASS = YES_ERROR;
				CLANG_WARN_RANGE_LOOP_ANALYSIS = YES;
				CLANG_WARN_STRICT_PROTOTYPES = YES;
				CLANG_WARN_SUSPICIOUS_MOVE = YES;
				CLANG_WARN_UNGUARDED_AVAILABILITY = YES_AGGRESSIVE;
				CLANG_WARN_UNREACHABLE_CODE = YES;
				CLANG_WARN__DUPLICATE_METHOD_MATCH = YES;
				COPY_PHASE_STRIP = NO;
				DEBUG_INFORMATION_FORMAT = "dwarf-with-dsym";
				ENABLE_NS_ASSERTIONS = NO;
				ENABLE_STRICT_OBJC_MSGSEND = YES;
				GCC_C_LANGUAGE_STANDARD = gnu11;
				GCC_NO_COMMON_BLOCKS = YES;
				GCC_WARN_64_TO_32_BIT_CONVERSION = YES;
				GCC_WARN_ABOUT_RETURN_TYPE = YES_ERROR;
				GCC_WARN_UNDECLARED_SELECTOR = YES;
				GCC_WARN_UNINITIALIZED_AUTOS = YES_AGGRESSIVE;
				GCC_WARN_UNUSED_FUNCTION = YES;
				GCC_WARN_UNUSED_VARIABLE = YES;
				IPHONEOS_DEPLOYMENT_TARGET = 13.0;
				MTL_ENABLE_DEBUG_INFO = NO;
				MTL_FAST_MATH = YES;
				SDKROOT = iphoneos;
				SWIFT_COMPILATION_MODE = wholemodule;
				SWIFT_OPTIMIZATION_LEVEL = "-O";
				VALIDATE_PRODUCT = YES;
			};
			name = Release;
		};
		2FDC292B23AA97DF00367401 /* Debug */ = {
			isa = XCBuildConfiguration;
			baseConfigurationReference = F0EAD41CA224F5647E482762 /* Pods-BeFoot.debug.xcconfig */;
			buildSettings = {
				ASSETCATALOG_COMPILER_APPICON_NAME = AppIcon;
				CODE_SIGN_STYLE = Automatic;
				INFOPLIST_FILE = BeFoot/Info.plist;
				LD_RUNPATH_SEARCH_PATHS = (
					"$(inherited)",
					"@executable_path/Frameworks",
				);
				PRODUCT_BUNDLE_IDENTIFIER = LukasYaniAless.BeFoot;
				PRODUCT_NAME = "$(TARGET_NAME)";
				SWIFT_VERSION = 5.0;
				TARGETED_DEVICE_FAMILY = "1,2";
			};
			name = Debug;
		};
		2FDC292C23AA97DF00367401 /* Release */ = {
			isa = XCBuildConfiguration;
			baseConfigurationReference = 7D950732D9A3A8E0FE2FA2E0 /* Pods-BeFoot.release.xcconfig */;
			buildSettings = {
				ASSETCATALOG_COMPILER_APPICON_NAME = AppIcon;
				CODE_SIGN_STYLE = Automatic;
				INFOPLIST_FILE = BeFoot/Info.plist;
				LD_RUNPATH_SEARCH_PATHS = (
					"$(inherited)",
					"@executable_path/Frameworks",
				);
				PRODUCT_BUNDLE_IDENTIFIER = LukasYaniAless.BeFoot;
				PRODUCT_NAME = "$(TARGET_NAME)";
				SWIFT_VERSION = 5.0;
				TARGETED_DEVICE_FAMILY = "1,2";
			};
			name = Release;
		};
		2FDC292E23AA97DF00367401 /* Debug */ = {
			isa = XCBuildConfiguration;
			baseConfigurationReference = 0A7BF80CDB958C48D7A6C586 /* Pods-BeFootTests.debug.xcconfig */;
			buildSettings = {
				ALWAYS_EMBED_SWIFT_STANDARD_LIBRARIES = YES;
				BUNDLE_LOADER = "$(TEST_HOST)";
				CODE_SIGN_STYLE = Automatic;
				INFOPLIST_FILE = BeFootTests/Info.plist;
				IPHONEOS_DEPLOYMENT_TARGET = 13.0;
				LD_RUNPATH_SEARCH_PATHS = (
					"$(inherited)",
					"@executable_path/Frameworks",
					"@loader_path/Frameworks",
				);
				PRODUCT_BUNDLE_IDENTIFIER = LukasYaniAless.BeFootTests;
				PRODUCT_NAME = "$(TARGET_NAME)";
				SWIFT_VERSION = 5.0;
				TARGETED_DEVICE_FAMILY = "1,2";
				TEST_HOST = "$(BUILT_PRODUCTS_DIR)/BeFoot.app/BeFoot";
			};
			name = Debug;
		};
		2FDC292F23AA97DF00367401 /* Release */ = {
			isa = XCBuildConfiguration;
			baseConfigurationReference = 08609D6B6B48C7EA3FF0EE27 /* Pods-BeFootTests.release.xcconfig */;
			buildSettings = {
				ALWAYS_EMBED_SWIFT_STANDARD_LIBRARIES = YES;
				BUNDLE_LOADER = "$(TEST_HOST)";
				CODE_SIGN_STYLE = Automatic;
				INFOPLIST_FILE = BeFootTests/Info.plist;
				IPHONEOS_DEPLOYMENT_TARGET = 13.0;
				LD_RUNPATH_SEARCH_PATHS = (
					"$(inherited)",
					"@executable_path/Frameworks",
					"@loader_path/Frameworks",
				);
				PRODUCT_BUNDLE_IDENTIFIER = LukasYaniAless.BeFootTests;
				PRODUCT_NAME = "$(TARGET_NAME)";
				SWIFT_VERSION = 5.0;
				TARGETED_DEVICE_FAMILY = "1,2";
				TEST_HOST = "$(BUILT_PRODUCTS_DIR)/BeFoot.app/BeFoot";
			};
			name = Release;
		};
		2FDC293123AA97DF00367401 /* Debug */ = {
			isa = XCBuildConfiguration;
			baseConfigurationReference = E082EA55F74B19DE47D8493E /* Pods-BeFoot-BeFootUITests.debug.xcconfig */;
			buildSettings = {
				ALWAYS_EMBED_SWIFT_STANDARD_LIBRARIES = YES;
				CODE_SIGN_STYLE = Automatic;
				INFOPLIST_FILE = BeFootUITests/Info.plist;
				LD_RUNPATH_SEARCH_PATHS = (
					"$(inherited)",
					"@executable_path/Frameworks",
					"@loader_path/Frameworks",
				);
				PRODUCT_BUNDLE_IDENTIFIER = LukasYaniAless.BeFootUITests;
				PRODUCT_NAME = "$(TARGET_NAME)";
				SWIFT_VERSION = 5.0;
				TARGETED_DEVICE_FAMILY = "1,2";
				TEST_TARGET_NAME = BeFoot;
			};
			name = Debug;
		};
		2FDC293223AA97DF00367401 /* Release */ = {
			isa = XCBuildConfiguration;
			baseConfigurationReference = 986DF887026510026D845D59 /* Pods-BeFoot-BeFootUITests.release.xcconfig */;
			buildSettings = {
				ALWAYS_EMBED_SWIFT_STANDARD_LIBRARIES = YES;
				CODE_SIGN_STYLE = Automatic;
				INFOPLIST_FILE = BeFootUITests/Info.plist;
				LD_RUNPATH_SEARCH_PATHS = (
					"$(inherited)",
					"@executable_path/Frameworks",
					"@loader_path/Frameworks",
				);
				PRODUCT_BUNDLE_IDENTIFIER = LukasYaniAless.BeFootUITests;
				PRODUCT_NAME = "$(TARGET_NAME)";
				SWIFT_VERSION = 5.0;
				TARGETED_DEVICE_FAMILY = "1,2";
				TEST_TARGET_NAME = BeFoot;
			};
			name = Release;
		};
/* End XCBuildConfiguration section */

/* Begin XCConfigurationList section */
		2FDC28FB23AA97DB00367401 /* Build configuration list for PBXProject "BeFoot" */ = {
			isa = XCConfigurationList;
			buildConfigurations = (
				2FDC292823AA97DF00367401 /* Debug */,
				2FDC292923AA97DF00367401 /* Release */,
			);
			defaultConfigurationIsVisible = 0;
			defaultConfigurationName = Release;
		};
		2FDC292A23AA97DF00367401 /* Build configuration list for PBXNativeTarget "BeFoot" */ = {
			isa = XCConfigurationList;
			buildConfigurations = (
				2FDC292B23AA97DF00367401 /* Debug */,
				2FDC292C23AA97DF00367401 /* Release */,
			);
			defaultConfigurationIsVisible = 0;
			defaultConfigurationName = Release;
		};
		2FDC292D23AA97DF00367401 /* Build configuration list for PBXNativeTarget "BeFootTests" */ = {
			isa = XCConfigurationList;
			buildConfigurations = (
				2FDC292E23AA97DF00367401 /* Debug */,
				2FDC292F23AA97DF00367401 /* Release */,
			);
			defaultConfigurationIsVisible = 0;
			defaultConfigurationName = Release;
		};
		2FDC293023AA97DF00367401 /* Build configuration list for PBXNativeTarget "BeFootUITests" */ = {
			isa = XCConfigurationList;
			buildConfigurations = (
				2FDC293123AA97DF00367401 /* Debug */,
				2FDC293223AA97DF00367401 /* Release */,
			);
			defaultConfigurationIsVisible = 0;
			defaultConfigurationName = Release;
		};
/* End XCConfigurationList section */
	};
	rootObject = 2FDC28F823AA97DB00367401 /* Project object */;
}
